github.com/Psiphon-Labs/bolt v0.0.0-20170814173724-c6e046a80d4b h1:1CAIqZRwh4W0+doCfSaqBqKSR9UCyeXQp/JgR3vLRCk=
github.com/Psiphon-Labs/bolt v0.0.0-20170814173724-c6e046a80d4b/go.mod h1:nYj8s6HxsjYV7vZjTiH3tMcVjj/x+R702DXT89PomgE=
github.com/Psiphon-Labs/dns v0.0.0-20170814182607-d23cdaf67bbc h1:W+dNJivdYUujm+mhvmSDn3847jbzar8J7qzjj/w4U6I=
github.com/Psiphon-Labs/dns v0.0.0-20170814182607-d23cdaf67bbc/go.mod h1:F1eU0RdWZXN2kn6A8cBRixr1HLyM1Va7xXp88LRhlps=
github.com/Psiphon-Labs/goarista v0.0.0-20160825065156-d002785f4c67 h1:aQE2/masBGr/uqI63UIxN/IkRByNTxjYz2JYySw9ry8=
github.com/Psiphon-Labs/goarista v0.0.0-20160825065156-d002785f4c67/go.mod h1:5Jm7sRmp4HSWIoZk/ZRryF/KbcQeIhBMoaGqD7psbkU=
github.com/Psiphon-Labs/goptlib v0.0.0-20180426172440-18963be5f9c5 h1:j/XkyeIrn14WWZjPDDR3Mi3FyyMLGcXkJRZ5w3O8jWk=
github.com/Psiphon-Labs/goptlib v0.0.0-20180426172440-18963be5f9c5/go.mod h1:Pe5BqN2DdIdChorAXl6bDaQd/wghpCleJfid2NoSli0=
github.com/Psiphon-Labs/net v0.0.0-20180912164743-03e6572170e3 h1:W0asOSZhANGLSFvSFr6a1uSfuR9I88e7yr34s0dX9B8=
github.com/Psiphon-Labs/net v0.0.0-20180912164743-03e6572170e3/go.mod h1:hEyxqKp/oea6zboy3de4ADnM2rpTjY5QslIvMQb2Zrk=
github.com/Psiphon-Labs/psiphon-tunnel-core v2.0.2+incompatible h1:dn3ch4uJIMQEbh4ZMja2ceczsvLjpr4RJKYVyTiRwHc=
github.com/Psiphon-Labs/psiphon-tunnel-core v2.0.2+incompatible/go.mod h1:VcNEtiQ0z2sCGJf16ZGcpwCas5+r9rt+P20r6LlJ06U=
github.com/Psiphon-Labs/tls-tris v0.0.0-20190321174524-b5083341bf6c h1:zTkAfTv/eWNC/8TtCcGyaFxYh7sUhoR5rFtxHx2aP0E=
github.com/Psiphon-Labs/tls-tris v0.0.0-20190321174524-b5083341bf6c/go.mod h1:v3y9GXFo9Sf2mO6auD2ExGG7oDgrK8TI7eb49ZnUxrE=
github.com/Psiphon-Labs/utls v0.0.0-20181219022742-11a4cc033322 h1:ZsvDnkc9HzE+16479Vt6ThXJuh2f+OQk8mK7DvY37y0=
github.com/Psiphon-Labs/utls v0.0.0-20181219022742-11a4cc033322/go.mod h1:PpQnNy4saPoubINWgzxoSAvOHmNaeifjBJod1ut0UpI=
github.com/Yawning/chacha20 v0.0.0-20170904085104-e3b1f968fc63 h1:I6/SJSN9wJMJ+ZyQaCHUlzoTA4ypU5Bb44YWR1wTY/0=
github.com/Yawning/chacha20 v0.0.0-20170904085104-e3b1f968fc63/go.mod h1:nf+Komq6fVP4SwmKEaVGxHTyQGKREVlwjQKpvOV39yE=
github.com/apex/log v1.1.0 h1:J5rld6WVFi6NxA6m8GJ1LJqu3+GiTFIt3mYv27gdQWI=
github.com/apex/log v1.1.0/go.mod h1:yA770aXIDQrhVOIGurT/pVdfCpSq1GQV/auzMN5fzvY=
github.com/bifurcation/mint v0.0.0-20180715133206-93c51c6ce115 h1:fUjoj2bT6dG8LoEe+uNsKk8J+sLkDbQkJnB6Z1F02Bc=
github.com/bifurcation/mint v0.0.0-20180715133206-93c51c6ce115/go.mod h1:zVt7zX3K/aDCk9Tj+VM7YymsX66ERvzCJzw8rFCX2JU=
github.com/cheekybits/genny v0.0.0-20170328200008-9127e812e1e9 h1:a1zrFsLFac2xoM6zG1u72DWJwZG3ayttYLfmLbxVETk=
github.com/cheekybits/genny v0.0.0-20170328200008-9127e812e1e9/go.mod h1:+tQajlRqAUrPI7DOSpB0XAqZYtQakVtB7wXkRAgjxjQ=
github.com/davecgh/go-spew v1.1.0 h1:ZDRjVQ15GmhC3fiQ8ni8+OwkZQO4DARzQgrnXU1Liz8=
github.com/davecgh/go-spew v1.1.0/go.mod h1:J7Y8YcW2NihsgmVo/mv3lAwl/skON4iLHjSsI+c5H38=
github.com/fsnotify/fsnotify v1.4.7/go.mod h1:jwhsz4b93w/PPRr/qN1Yymfu8t87LnFCMoQvtojpjFo=
github.com/golang/mock v1.2.0/go.mod h1:oTYuIxOrZwtPieC+H1uAHpcLFnEyAGVDL/k47Jfbm0A=
github.com/golang/protobuf v1.2.0/go.mod h1:6lQm79b+lXiMfvg/cZm0SGofjICqVBUtrP5yJMmIC1U=
github.com/gorilla/websocket v1.4.0 h1:WDFjx/TMzVgy9VdMMQi2K2Emtwi2QcUQsztZ/zLaH/Q=
github.com/gorilla/websocket v1.4.0/go.mod h1:E7qHFY5m1UJ88s3WnNqhKjPHQ0heANvMoAMk2YaljkQ=
github.com/grafov/m3u8 v0.6.1 h1:RC2QCbV39L6xqWN05RrizRlQhBRmwOq08fOuB5/+Dp0=
github.com/grafov/m3u8 v0.6.1/go.mod h1:PdjzaU/pJUo4jTIn2rcgMFs+HqBGl/sPJLr8BI0Xq/I=
github.com/hashicorp/golang-lru v0.0.0-20180201235237-0fb14efe8c47 h1:UnszMmmmm5vLwWzDjTFVIkfhvWF1NdrmChl8L2NUDCw=
github.com/hashicorp/golang-lru v0.0.0-20180201235237-0fb14efe8c47/go.mod h1:/m3WP610KZHVQ1SGc6re/UDhFvYD7pJ4Ao+sR/qLZy8=
github.com/hpcloud/tail v1.0.0/go.mod h1:ab1qPbhIpdTxEkNHXyeSf5vhxWSCs/tWer42PpOxQnU=
github.com/juju/ratelimit v1.0.1 h1:+7AIFJVQ0EQgq/K9+0Krm7m530Du7tIz0METWzN0RgY=
github.com/juju/ratelimit v1.0.1/go.mod h1:qapgC/Gy+xNh9UxzV13HGGl/6UXNN+ct+vwSgWNm/qk=
github.com/lucas-clemente/aes12 v0.0.0-20171027163421-cd47fb39b79f h1:sSeNEkJrs+0F9TUau0CgWTTNEwF23HST3Eq0A+QIx+A=
github.com/lucas-clemente/aes12 v0.0.0-20171027163421-cd47fb39b79f/go.mod h1:JpH9J1c9oX6otFSgdUHwUBUizmKlrMjxWnIAjff4m04=
github.com/lucas-clemente/quic-clients v0.1.0/go.mod h1:y5xVIEoObKqULIKivu+gD/LU90pL73bTdtQjPBvtCBk=
github.com/lucas-clemente/quic-go v0.10.2 h1:iQtTSZVbd44k94Lu0U16lLBIG3lrnjDvQongjPd4B/s=
github.com/lucas-clemente/quic-go v0.10.2/go.mod h1:hvaRS9IHjFLMq76puFJeWNfmn+H70QZ/CXoxqw9bzao=
github.com/lucas-clemente/quic-go-certificates v0.0.0-20160823095156-d2f86524cced h1:zqEC1GJZFbGZA0tRyNZqRjep92K5fujFtFsu5ZW7Aug=
github.com/lucas-clemente/quic-go-certificates v0.0.0-20160823095156-d2f86524cced/go.mod h1:NCcRLrOTZbzhZvixZLlERbJtDtYsmMw8Jc4vS8Z0g58=
github.com/m-lab/ndt7-client-go v0.0.0-20190513211611-5177d4199464/go.mod h1:W0eRy7QDkSDgkYDVdIOHjp3O5YGy2BuCVjr3ewoKUcc=
github.com/m-lab/ndt7-client-go v0.0.0-20190516113520-f8aec6e1ef2e h1:7rpx8qtJ/Wt6B6didBg2G4m2Gka4M6IZNVK4QsmdxBc=
github.com/m-lab/ndt7-client-go v0.0.0-20190516113520-f8aec6e1ef2e/go.mod h1:nD9WTkxP4/mV2ph5uUpVPD2ZOJdZ9QKPTKu3tJGkM9o=
github.com/marten-seemann/qtls v0.2.3/go.mod h1:xzjG7avBwGGbdZ8dTGxlBnLArsVKLvwmjgmPuiQEcYk=
github.com/mccutchen/go-httpbin v0.0.0-20190321153040-24f381761ef0/go.mod h1:fhpOYavp5g2K74XDl/ao2y4KvhqVtKlkg1e+0UaQv7I=
github.com/measurement-kit/engine v0.0.0-20190516143312-a38282337fe6 h1:RhXBdKKPS+Il/D8pykSUcGTSP4sLrF7R3TC5dE239n0=
github.com/measurement-kit/engine v0.0.0-20190516143312-a38282337fe6/go.mod h1:/twqxY8XlMLYR7IOM2gqLK7o0ggRBSNqxPNPooQX82E=
github.com/onsi/ginkgo v1.6.0/go.mod h1:lLunBs/Ym6LB5Z9jYTR76FiuTmxDTDusOGeTQH+WWjE=
github.com/onsi/ginkgo v1.8.0/go.mod h1:lLunBs/Ym6LB5Z9jYTR76FiuTmxDTDusOGeTQH+WWjE=
github.com/onsi/gomega v1.5.0/go.mod h1:ex+gbHU/CVuBBDIJjb2X0qEXbFg53c61hWP/1CpauHY=
github.com/oschwald/geoip2-golang v1.3.0 h1:D+Hsdos1NARPbzZ2aInUHZL+dApIzo8E0ErJVsWcku8=
github.com/oschwald/geoip2-golang v1.3.0/go.mod h1:0LTTzix/Ao1uMvOhAV4iLU0Lz7eCrP94qZWBTDKf0iE=
github.com/oschwald/maxminddb-golang v1.3.0 h1:oTh8IBSj10S5JNlUDg5WjJ1QdBMdeaZIkPEVfESSWgE=
github.com/oschwald/maxminddb-golang v1.3.0/go.mod h1:3jhIUymTJ5VREKyIhWm66LJiQt04F0UCDdodShpjWsY=
github.com/pkg/errors v0.8.1 h1:iURUrRGxPUNPdy5/HRSm+Yj6okJ6UtLINN0Q9M4+h3I=
github.com/pkg/errors v0.8.1/go.mod h1:bwawxfHBFNV+L2hUp1rHADufV3IMtnDRdf1r5NINEl0=
github.com/pmezard/go-difflib v1.0.0 h1:4DBwDE0NGyQoBHbLQYPwSUPoCMWR5BEzIk/f1lZbAQM=
github.com/pmezard/go-difflib v1.0.0/go.mod h1:iKH77koFhYxTK1pcRnkKkqfTogsbg7gZNVY4sRDYZ/4=
github.com/stretchr/objx v0.1.0/go.mod h1:HFkY916IF+rwdDfMAkV7OtwuqBVzrE8GR6GFx+wExME=
github.com/stretchr/testify v1.3.0 h1:TivCn/peBQ7UY8ooIcPgZFpTNSz0Q2U6UrFlUfqbe0Q=
github.com/stretchr/testify v1.3.0/go.mod h1:M5WIy9Dh21IEIfnGCwXGc5bZfKNJtfHm1UVUgZn+9EI=
github.com/zach-klippenstein/goregen v0.0.0-20160303162051-795b5e3961ea h1:CyhwejzVGvZ3Q2PSbQ4NRRYn+ZWv5eS1vlaEusT+bAI=
github.com/zach-klippenstein/goregen v0.0.0-20160303162051-795b5e3961ea/go.mod h1:eNr558nEUjP8acGw8FFjTeWvSgU1stO7FAO6eknhHe4=
golang.org/x/crypto v0.0.0-20190228161510-8dd112bcdc25/go.mod h1:djNgcEr1/C05ACkg1iLfiJU5Ep61QUkGW8qpdssI0+w=
golang.org/x/crypto v0.0.0-20190308221718-c2843e01d9a2 h1:VklqNMn3ovrHsnt90PveolxSbWFaJdECFbxSq0Mqo2M=
golang.org/x/crypto v0.0.0-20190308221718-c2843e01d9a2/go.mod h1:djNgcEr1/C05ACkg1iLfiJU5Ep61QUkGW8qpdssI0+w=
golang.org/x/net v0.0.0-20180906233101-161cd47e91fd/go.mod h1:mL1N/T3taQHkDXs73rZJwtUhF3w3ftmwwsq0BUmARs4=
golang.org/x/net v0.0.0-20190509222800-a4d6f7feada5 h1:6M3SDHlHHDCx2PcQw3S4KsR170vGqDhJDOmpVd4Hjak=
golang.org/x/net v0.0.0-20190509222800-a4d6f7feada5/go.mod h1:t9HGtf8HONx5eT2rtn7q6eTqICYqUVnKs3thJo3Qplg=
golang.org/x/sync v0.0.0-20180314180146-1d60e4601c6f/go.mod h1:RxMgew5VJxzue5/jJTE5uejpjVlOe/izrB70Jof72aM=
golang.org/x/sys v0.0.0-20180909124046-d0be0721c37e/go.mod h1:STP8DvDyc/dI5b8T5hshtkjS+E42TnysNCUPdjciGhY=
golang.org/x/sys v0.0.0-20190215142949-d0b11bdaac8a/go.mod h1:STP8DvDyc/dI5b8T5hshtkjS+E42TnysNCUPdjciGhY=
golang.org/x/sys v0.0.0-20190228124157-a34e9553db1e/go.mod h1:STP8DvDyc/dI5b8T5hshtkjS+E42TnysNCUPdjciGhY=
golang.org/x/sys v0.0.0-20190516110030-61b9204099cb h1:k07iPOt0d6nEnwXF+kHB+iEg+WSuKe/SOQuFM2QoD+E=
golang.org/x/sys v0.0.0-20190516110030-61b9204099cb/go.mod h1:h1NjWce9XRLGQEsW7wpKNCjG9DtNlClVuFLEZdDNbEs=
golang.org/x/text v0.3.0 h1:g61tztE5qeGQ89tm6NTjjM9VPIm088od1l6aSorWRWg=
golang.org/x/text v0.3.0/go.mod h1:NqM8EUOU14njkJ3fqMW+pc6Ldnwhi/IjpwHt7yyuwOQ=
gopkg.in/check.v1 v0.0.0-20161208181325-20d25e280405/go.mod h1:Co6ibVJAznAaIkqp8huTwlJQCZ016jof/cbN4VW5Yz0=
gopkg.in/fsnotify.v1 v1.4.7/go.mod h1:Tz8NjZHkW78fSQdbUxIjBTcgA1z1m8ZHf0WmKUhAMys=
gopkg.in/tomb.v1 v1.0.0-20141024135613-dd632973f1e7/go.mod h1:dt/ZhP58zS4L8KSrWDmTeBkI65Dw0HsyUHuEVlX15mw=
gopkg.in/yaml.v2 v2.2.1/go.mod h1:hI93XBmqTisBFMUTm0b8Fm+jr3Dg1NNxqwp+5A1VGuI=
